
Microsoft Visual Studio Solution File, Format Version 12.00
# Visual Studio Version 17
VisualStudioVersion = 17.7.34031.279
MinimumVisualStudioVersion = 10.0.40219.1
Project("{FAE04EC0-301F-11D3-BF4B-00C04F79EFBC}") = "LifeCounter App", "LifeCounter App\LifeCounter App.csproj", "{51A51976-5F04-4A29-BFD9-BC0680CF2AC9}"
EndProject
Global
	GlobalSection(SolutionConfigurationPlatforms) = preSolution
		Debug|Any CPU = Debug|Any CPU
		Release|Any CPU = Release|Any CPU
	EndGlobalSection
	GlobalSection(ProjectConfigurationPlatforms) = postSolution
		{51A51976-5F04-4A29-BFD9-BC0680CF2AC9}.Debug|Any CPU.ActiveCfg = Debug|Any CPU
		{51A51976-5F04-4A29-BFD9-BC0680CF2AC9}.Debug|Any CPU.Build.0 = Debug|Any CPU
		{51A51976-5F04-4A29-BFD9-BC0680CF2AC9}.Debug|Any CPU.Deploy.0 = Debug|Any CPU
		{51A51976-5F04-4A29-BFD9-BC0680CF2AC9}.Release|Any CPU.ActiveCfg = Release|Any CPU
		{51A51976-5F04-4A29-BFD9-BC0680CF2AC9}.Release|Any CPU.Build.0 = Release|Any CPU
		{51A51976-5F04-4A29-BFD9-BC0680CF2AC9}.Release|Any CPU.Deploy.0 = Release|Any CPU
	EndGlobalSection
	GlobalSection(SolutionProperties) = preSolution
		HideSolutionNode = FALSE
	EndGlobalSection
	GlobalSection(ExtensibilityGlobals) = postSolution
		SolutionGuid = {929EE6AF-E0FF-49E9-9747-2A454695BF57}
	EndGlobalSection
EndGlobal
